
Microsoft Visual Studio Solution File, Format Version 12.00
# Visual Studio Version 16
VisualStudioVersion = 25.0.1706.4
MinimumVisualStudioVersion = 10.0.40219.1
Project("{FAE04EC0-301F-11D3-BF4B-00C04F79EFBC}") = "miniprojekt-web-api", "miniprojekt-web-api\miniprojekt-web-api.csproj", "{1309FF3D-5F72-4EB0-A738-AB3398561D45}"
EndProject
Global
	GlobalSection(SolutionConfigurationPlatforms) = preSolution
		Debug|Any CPU = Debug|Any CPU
		Release|Any CPU = Release|Any CPU
	EndGlobalSection
	GlobalSection(ProjectConfigurationPlatforms) = postSolution
		{1309FF3D-5F72-4EB0-A738-AB3398561D45}.Debug|Any CPU.ActiveCfg = Debug|Any CPU
		{1309FF3D-5F72-4EB0-A738-AB3398561D45}.Debug|Any CPU.Build.0 = Debug|Any CPU
		{1309FF3D-5F72-4EB0-A738-AB3398561D45}.Release|Any CPU.ActiveCfg = Release|Any CPU
		{1309FF3D-5F72-4EB0-A738-AB3398561D45}.Release|Any CPU.Build.0 = Release|Any CPU
	EndGlobalSection
	GlobalSection(SolutionProperties) = preSolution
		HideSolutionNode = FALSE
	EndGlobalSection
	GlobalSection(ExtensibilityGlobals) = postSolution
		SolutionGuid = {295D24F1-62DD-4B38-B258-D7755E4B6A88}
	EndGlobalSection
EndGlobal
