
Microsoft Visual Studio Solution File, Format Version 12.00
# Visual Studio Version 17
VisualStudioVersion = 17.0.31903.59
MinimumVisualStudioVersion = 10.0.40219.1
Project("{2150E333-8FDC-42A3-9474-1A3956D46DE8}") = "miniprojekt-blazor", "miniprojekt-blazor", "{FCCE3699-EB6D-46F1-B937-FD36472C262A}"
EndProject
Project("{FAE04EC0-301F-11D3-BF4B-00C04F79EFBC}") = "miniprojekt-blazor", "miniprojekt-blazor\miniprojekt-blazor\miniprojekt-blazor.csproj", "{1B1226FC-9EF9-47B4-974D-3C4132AC4BC0}"
EndProject
Project("{2150E333-8FDC-42A3-9474-1A3956D46DE8}") = "miniprojekt-web-api", "miniprojekt-web-api", "{C46C922C-30AD-4094-B208-4011459C26C3}"
EndProject
Project("{FAE04EC0-301F-11D3-BF4B-00C04F79EFBC}") = "miniprojekt-web-api", "miniprojekt-web-api\miniprojekt-web-api\miniprojekt-web-api.csproj", "{4706D1B0-516F-4A4A-8946-13555D1A184A}"
EndProject
Project("{FAE04EC0-301F-11D3-BF4B-00C04F79EFBC}") = "Shared", "Shared\Shared.csproj", "{13A3845D-FCAC-404F-8999-70C685309349}"
EndProject
Global
	GlobalSection(SolutionConfigurationPlatforms) = preSolution
		Debug|Any CPU = Debug|Any CPU
		Release|Any CPU = Release|Any CPU
	EndGlobalSection
	GlobalSection(SolutionProperties) = preSolution
		HideSolutionNode = FALSE
	EndGlobalSection
	GlobalSection(ProjectConfigurationPlatforms) = postSolution
		{1B1226FC-9EF9-47B4-974D-3C4132AC4BC0}.Debug|Any CPU.ActiveCfg = Debug|Any CPU
		{1B1226FC-9EF9-47B4-974D-3C4132AC4BC0}.Debug|Any CPU.Build.0 = Debug|Any CPU
		{1B1226FC-9EF9-47B4-974D-3C4132AC4BC0}.Release|Any CPU.ActiveCfg = Release|Any CPU
		{1B1226FC-9EF9-47B4-974D-3C4132AC4BC0}.Release|Any CPU.Build.0 = Release|Any CPU
		{4706D1B0-516F-4A4A-8946-13555D1A184A}.Debug|Any CPU.ActiveCfg = Debug|Any CPU
		{4706D1B0-516F-4A4A-8946-13555D1A184A}.Debug|Any CPU.Build.0 = Debug|Any CPU
		{4706D1B0-516F-4A4A-8946-13555D1A184A}.Release|Any CPU.ActiveCfg = Release|Any CPU
		{4706D1B0-516F-4A4A-8946-13555D1A184A}.Release|Any CPU.Build.0 = Release|Any CPU
		{13A3845D-FCAC-404F-8999-70C685309349}.Debug|Any CPU.ActiveCfg = Debug|Any CPU
		{13A3845D-FCAC-404F-8999-70C685309349}.Debug|Any CPU.Build.0 = Debug|Any CPU
		{13A3845D-FCAC-404F-8999-70C685309349}.Release|Any CPU.ActiveCfg = Release|Any CPU
		{13A3845D-FCAC-404F-8999-70C685309349}.Release|Any CPU.Build.0 = Release|Any CPU
	EndGlobalSection
	GlobalSection(NestedProjects) = preSolution
		{1B1226FC-9EF9-47B4-974D-3C4132AC4BC0} = {FCCE3699-EB6D-46F1-B937-FD36472C262A}
		{4706D1B0-516F-4A4A-8946-13555D1A184A} = {C46C922C-30AD-4094-B208-4011459C26C3}
	EndGlobalSection
EndGlobal
